// !$*UTF8*$!
{
	archiveVersion = 1;
	classes = {
	};
	objectVersion = 56;
	objects = {

/* Begin PBXBuildFile section */
		9608BA652B1E235B004C3F8E /* AppDelegate.swift in Sources */ = {isa = PBXBuildFile; fileRef = 9608BA642B1E235B004C3F8E /* AppDelegate.swift */; };
		9608BA672B1E235B004C3F8E /* SceneDelegate.swift in Sources */ = {isa = PBXBuildFile; fileRef = 9608BA662B1E235B004C3F8E /* SceneDelegate.swift */; };
		9608BA692B1E235B004C3F8E /* MainTabBarViewController.swift in Sources */ = {isa = PBXBuildFile; fileRef = 9608BA682B1E235B004C3F8E /* MainTabBarViewController.swift */; };
		9608BA6E2B1E235D004C3F8E /* Assets.xcassets in Resources */ = {isa = PBXBuildFile; fileRef = 9608BA6D2B1E235D004C3F8E /* Assets.xcassets */; };
		9608BA712B1E235D004C3F8E /* LaunchScreen.storyboard in Resources */ = {isa = PBXBuildFile; fileRef = 9608BA6F2B1E235D004C3F8E /* LaunchScreen.storyboard */; };
		9608BA7A2B1E289A004C3F8E /* HomeViewController.swift in Sources */ = {isa = PBXBuildFile; fileRef = 9608BA792B1E289A004C3F8E /* HomeViewController.swift */; };
		9608BA7C2B1E28D9004C3F8E /* UpcomingViewController.swift in Sources */ = {isa = PBXBuildFile; fileRef = 9608BA7B2B1E28D9004C3F8E /* UpcomingViewController.swift */; };
		9608BA7E2B1E2918004C3F8E /* SearchViewController.swift in Sources */ = {isa = PBXBuildFile; fileRef = 9608BA7D2B1E2918004C3F8E /* SearchViewController.swift */; };
		9608BA812B1E2963004C3F8E /* DownloadsViewController.swift in Sources */ = {isa = PBXBuildFile; fileRef = 9608BA802B1E2963004C3F8E /* DownloadsViewController.swift */; };
		962A09942B21C7A4001BA7FC /* TitleCollectionViewCell.swift in Sources */ = {isa = PBXBuildFile; fileRef = 962A09932B21C7A4001BA7FC /* TitleCollectionViewCell.swift */; };
		962A09972B21C975001BA7FC /* SDWebImage in Frameworks */ = {isa = PBXBuildFile; productRef = 962A09962B21C975001BA7FC /* SDWebImage */; };
		962A09992B21C975001BA7FC /* SDWebImageMapKit in Frameworks */ = {isa = PBXBuildFile; productRef = 962A09982B21C975001BA7FC /* SDWebImageMapKit */; };
		96900E072B233E9200284257 /* SearchResultsViewController.swift in Sources */ = {isa = PBXBuildFile; fileRef = 96900E062B233E9200284257 /* SearchResultsViewController.swift */; };
		96C4C9922B21F22A00CDF4C3 /* TitleTableViewCell.swift in Sources */ = {isa = PBXBuildFile; fileRef = 96C4C9912B21F22A00CDF4C3 /* TitleTableViewCell.swift */; };
		96C4C9942B2208B600CDF4C3 /* TitleViewModel.swift in Sources */ = {isa = PBXBuildFile; fileRef = 96C4C9932B2208B600CDF4C3 /* TitleViewModel.swift */; };
		96D0263F2B1F03C900FDDAAA /* CollectionViewTableViewCell.swift in Sources */ = {isa = PBXBuildFile; fileRef = 96D0263E2B1F03C900FDDAAA /* CollectionViewTableViewCell.swift */; };
		96D026412B1F0C9600FDDAAA /* HeroHeaderUIView.swift in Sources */ = {isa = PBXBuildFile; fileRef = 96D026402B1F0C9600FDDAAA /* HeroHeaderUIView.swift */; };
		96EBAC552B25CD1200D07383 /* YouTubeSearchResponse.swift in Sources */ = {isa = PBXBuildFile; fileRef = 96EBAC542B25CD1200D07383 /* YouTubeSearchResponse.swift */; };
		96EBAC572B25D80500D07383 /* TitlePreviewViewController.swift in Sources */ = {isa = PBXBuildFile; fileRef = 96EBAC562B25D80500D07383 /* TitlePreviewViewController.swift */; };
		96EBAC592B25DEF800D07383 /* TitlePreviewViewModel.swift in Sources */ = {isa = PBXBuildFile; fileRef = 96EBAC582B25DEF800D07383 /* TitlePreviewViewModel.swift */; };
		96F0E8B42B1F7FFF00E1728B /* APICaller.swift in Sources */ = {isa = PBXBuildFile; fileRef = 96F0E8B32B1F7FFF00E1728B /* APICaller.swift */; };
		96F0E8B62B1F887F00E1728B /* Title.swift in Sources */ = {isa = PBXBuildFile; fileRef = 96F0E8B52B1F887F00E1728B /* Title.swift */; };
/* End PBXBuildFile section */

/* Begin PBXFileReference section */
		9608BA612B1E235B004C3F8E /* Netflix Clone.app */ = {isa = PBXFileReference; explicitFileType = wrapper.application; includeInIndex = 0; path = "Netflix Clone.app"; sourceTree = BUILT_PRODUCTS_DIR; };
		9608BA642B1E235B004C3F8E /* AppDelegate.swift */ = {isa = PBXFileReference; lastKnownFileType = sourcecode.swift; path = AppDelegate.swift; sourceTree = "<group>"; };
		9608BA662B1E235B004C3F8E /* SceneDelegate.swift */ = {isa = PBXFileReference; lastKnownFileType = sourcecode.swift; path = SceneDelegate.swift; sourceTree = "<group>"; };
		9608BA682B1E235B004C3F8E /* MainTabBarViewController.swift */ = {isa = PBXFileReference; lastKnownFileType = sourcecode.swift; path = MainTabBarViewController.swift; sourceTree = "<group>"; };
		9608BA6D2B1E235D004C3F8E /* Assets.xcassets */ = {isa = PBXFileReference; lastKnownFileType = folder.assetcatalog; path = Assets.xcassets; sourceTree = "<group>"; };
		9608BA702B1E235D004C3F8E /* Base */ = {isa = PBXFileReference; lastKnownFileType = file.storyboard; name = Base; path = Base.lproj/LaunchScreen.storyboard; sourceTree = "<group>"; };
		9608BA722B1E235D004C3F8E /* Info.plist */ = {isa = PBXFileReference; lastKnownFileType = text.plist.xml; path = Info.plist; sourceTree = "<group>"; };
		9608BA792B1E289A004C3F8E /* HomeViewController.swift */ = {isa = PBXFileReference; lastKnownFileType = sourcecode.swift; path = HomeViewController.swift; sourceTree = "<group>"; };
		9608BA7B2B1E28D9004C3F8E /* UpcomingViewController.swift */ = {isa = PBXFileReference; lastKnownFileType = sourcecode.swift; path = UpcomingViewController.swift; sourceTree = "<group>"; };
		9608BA7D2B1E2918004C3F8E /* SearchViewController.swift */ = {isa = PBXFileReference; lastKnownFileType = sourcecode.swift; path = SearchViewController.swift; sourceTree = "<group>"; };
		9608BA802B1E2963004C3F8E /* DownloadsViewController.swift */ = {isa = PBXFileReference; lastKnownFileType = sourcecode.swift; path = DownloadsViewController.swift; sourceTree = "<group>"; };
		962A09932B21C7A4001BA7FC /* TitleCollectionViewCell.swift */ = {isa = PBXFileReference; lastKnownFileType = sourcecode.swift; path = TitleCollectionViewCell.swift; sourceTree = "<group>"; };
		96900E062B233E9200284257 /* SearchResultsViewController.swift */ = {isa = PBXFileReference; lastKnownFileType = sourcecode.swift; path = SearchResultsViewController.swift; sourceTree = "<group>"; };
		96C4C9912B21F22A00CDF4C3 /* TitleTableViewCell.swift */ = {isa = PBXFileReference; lastKnownFileType = sourcecode.swift; path = TitleTableViewCell.swift; sourceTree = "<group>"; };
		96C4C9932B2208B600CDF4C3 /* TitleViewModel.swift */ = {isa = PBXFileReference; lastKnownFileType = sourcecode.swift; path = TitleViewModel.swift; sourceTree = "<group>"; };
		96D0263E2B1F03C900FDDAAA /* CollectionViewTableViewCell.swift */ = {isa = PBXFileReference; lastKnownFileType = sourcecode.swift; path = CollectionViewTableViewCell.swift; sourceTree = "<group>"; };
		96D026402B1F0C9600FDDAAA /* HeroHeaderUIView.swift */ = {isa = PBXFileReference; lastKnownFileType = sourcecode.swift; path = HeroHeaderUIView.swift; sourceTree = "<group>"; };
		96EBAC542B25CD1200D07383 /* YouTubeSearchResponse.swift */ = {isa = PBXFileReference; lastKnownFileType = sourcecode.swift; path = YouTubeSearchResponse.swift; sourceTree = "<group>"; };
		96EBAC562B25D80500D07383 /* TitlePreviewViewController.swift */ = {isa = PBXFileReference; lastKnownFileType = sourcecode.swift; path = TitlePreviewViewController.swift; sourceTree = "<group>"; };
		96EBAC582B25DEF800D07383 /* TitlePreviewViewModel.swift */ = {isa = PBXFileReference; lastKnownFileType = sourcecode.swift; path = TitlePreviewViewModel.swift; sourceTree = "<group>"; };
		96F0E8B32B1F7FFF00E1728B /* APICaller.swift */ = {isa = PBXFileReference; lastKnownFileType = sourcecode.swift; path = APICaller.swift; sourceTree = "<group>"; };
		96F0E8B52B1F887F00E1728B /* Title.swift */ = {isa = PBXFileReference; lastKnownFileType = sourcecode.swift; path = Title.swift; sourceTree = "<group>"; };
/* End PBXFileReference section */

/* Begin PBXFrameworksBuildPhase section */
		9608BA5E2B1E235B004C3F8E /* Frameworks */ = {
			isa = PBXFrameworksBuildPhase;
			buildActionMask = 2147483647;
			files = (
				962A09992B21C975001BA7FC /* SDWebImageMapKit in Frameworks */,
				962A09972B21C975001BA7FC /* SDWebImage in Frameworks */,
			);
			runOnlyForDeploymentPostprocessing = 0;
		};
/* End PBXFrameworksBuildPhase section */

/* Begin PBXGroup section */
		9608BA582B1E235B004C3F8E = {
			isa = PBXGroup;
			children = (
				9608BA632B1E235B004C3F8E /* Netflix Clone */,
				9608BA622B1E235B004C3F8E /* Products */,
			);
			sourceTree = "<group>";
		};
		9608BA622B1E235B004C3F8E /* Products */ = {
			isa = PBXGroup;
			children = (
				9608BA612B1E235B004C3F8E /* Netflix Clone.app */,
			);
			name = Products;
			sourceTree = "<group>";
		};
		9608BA632B1E235B004C3F8E /* Netflix Clone */ = {
			isa = PBXGroup;
			children = (
				96D0263D2B1F028A00FDDAAA /* Managers */,
				96D0263C2B1F026C00FDDAAA /* Resources */,
				96D0263B2B1F024A00FDDAAA /* Models */,
				96D0263A2B1F023800FDDAAA /* ViewModels */,
				96D026392B1F022100FDDAAA /* Views */,
				9608BA782B1E287B004C3F8E /* Controllers */,
				9608BA6D2B1E235D004C3F8E /* Assets.xcassets */,
				9608BA6F2B1E235D004C3F8E /* LaunchScreen.storyboard */,
				9608BA722B1E235D004C3F8E /* Info.plist */,
			);
			path = "Netflix Clone";
			sourceTree = "<group>";
		};
		9608BA782B1E287B004C3F8E /* Controllers */ = {
			isa = PBXGroup;
			children = (
				96900E092B233F0200284257 /* General */,
				96900E082B233EDE00284257 /* Core */,
			);
			path = Controllers;
			sourceTree = "<group>";
		};
		96900E082B233EDE00284257 /* Core */ = {
			isa = PBXGroup;
			children = (
				9608BA792B1E289A004C3F8E /* HomeViewController.swift */,
				9608BA7B2B1E28D9004C3F8E /* UpcomingViewController.swift */,
				9608BA7D2B1E2918004C3F8E /* SearchViewController.swift */,
				9608BA802B1E2963004C3F8E /* DownloadsViewController.swift */,
				9608BA682B1E235B004C3F8E /* MainTabBarViewController.swift */,
			);
			path = Core;
			sourceTree = "<group>";
		};
		96900E092B233F0200284257 /* General */ = {
			isa = PBXGroup;
			children = (
				96900E062B233E9200284257 /* SearchResultsViewController.swift */,
				96EBAC562B25D80500D07383 /* TitlePreviewViewController.swift */,
			);
			path = General;
			sourceTree = "<group>";
		};
		96D026392B1F022100FDDAAA /* Views */ = {
			isa = PBXGroup;
			children = (
				96D0263E2B1F03C900FDDAAA /* CollectionViewTableViewCell.swift */,
				96D026402B1F0C9600FDDAAA /* HeroHeaderUIView.swift */,
				962A09932B21C7A4001BA7FC /* TitleCollectionViewCell.swift */,
				96C4C9912B21F22A00CDF4C3 /* TitleTableViewCell.swift */,
			);
			path = Views;
			sourceTree = "<group>";
		};
		96D0263A2B1F023800FDDAAA /* ViewModels */ = {
			isa = PBXGroup;
			children = (
				96C4C9932B2208B600CDF4C3 /* TitleViewModel.swift */,
				96EBAC582B25DEF800D07383 /* TitlePreviewViewModel.swift */,
			);
			path = ViewModels;
			sourceTree = "<group>";
		};
		96D0263B2B1F024A00FDDAAA /* Models */ = {
			isa = PBXGroup;
			children = (
				96F0E8B52B1F887F00E1728B /* Title.swift */,
				96EBAC542B25CD1200D07383 /* YouTubeSearchResponse.swift */,
			);
			path = Models;
			sourceTree = "<group>";
		};
		96D0263C2B1F026C00FDDAAA /* Resources */ = {
			isa = PBXGroup;
			children = (
				9608BA642B1E235B004C3F8E /* AppDelegate.swift */,
				9608BA662B1E235B004C3F8E /* SceneDelegate.swift */,
			);
			path = Resources;
			sourceTree = "<group>";
		};
		96D0263D2B1F028A00FDDAAA /* Managers */ = {
			isa = PBXGroup;
			children = (
				96F0E8B32B1F7FFF00E1728B /* APICaller.swift */,
			);
			path = Managers;
			sourceTree = "<group>";
		};
/* End PBXGroup section */

/* Begin PBXNativeTarget section */
		9608BA602B1E235B004C3F8E /* Netflix Clone */ = {
			isa = PBXNativeTarget;
			buildConfigurationList = 9608BA752B1E235D004C3F8E /* Build configuration list for PBXNativeTarget "Netflix Clone" */;
			buildPhases = (
				9608BA5D2B1E235B004C3F8E /* Sources */,
				9608BA5E2B1E235B004C3F8E /* Frameworks */,
				9608BA5F2B1E235B004C3F8E /* Resources */,
			);
			buildRules = (
			);
			dependencies = (
			);
			name = "Netflix Clone";
			packageProductDependencies = (
				962A09962B21C975001BA7FC /* SDWebImage */,
				962A09982B21C975001BA7FC /* SDWebImageMapKit */,
			);
			productName = "Netflix Clone";
			productReference = 9608BA612B1E235B004C3F8E /* Netflix Clone.app */;
			productType = "com.apple.product-type.application";
		};
/* End PBXNativeTarget section */

/* Begin PBXProject section */
		9608BA592B1E235B004C3F8E /* Project object */ = {
			isa = PBXProject;
			attributes = {
				BuildIndependentTargetsInParallel = 1;
				LastSwiftUpdateCheck = 1500;
				LastUpgradeCheck = 1500;
				TargetAttributes = {
					9608BA602B1E235B004C3F8E = {
						CreatedOnToolsVersion = 15.0.1;
					};
				};
			};
			buildConfigurationList = 9608BA5C2B1E235B004C3F8E /* Build configuration list for PBXProject "Netflix Clone" */;
			compatibilityVersion = "Xcode 14.0";
			developmentRegion = en;
			hasScannedForEncodings = 0;
			knownRegions = (
				en,
				Base,
			);
			mainGroup = 9608BA582B1E235B004C3F8E;
			packageReferences = (
				962A09952B21C975001BA7FC /* XCRemoteSwiftPackageReference "SDWebImage" */,
			);
			productRefGroup = 9608BA622B1E235B004C3F8E /* Products */;
			projectDirPath = "";
			projectRoot = "";
			targets = (
				9608BA602B1E235B004C3F8E /* Netflix Clone */,
			);
		};
/* End PBXProject section */

/* Begin PBXResourcesBuildPhase section */
		9608BA5F2B1E235B004C3F8E /* Resources */ = {
			isa = PBXResourcesBuildPhase;
			buildActionMask = 2147483647;
			files = (
				9608BA712B1E235D004C3F8E /* LaunchScreen.storyboard in Resources */,
				9608BA6E2B1E235D004C3F8E /* Assets.xcassets in Resources */,
			);
			runOnlyForDeploymentPostprocessing = 0;
		};
/* End PBXResourcesBuildPhase section */

/* Begin PBXSourcesBuildPhase section */
		9608BA5D2B1E235B004C3F8E /* Sources */ = {
			isa = PBXSourcesBuildPhase;
			buildActionMask = 2147483647;
			files = (
				96C4C9922B21F22A00CDF4C3 /* TitleTableViewCell.swift in Sources */,
				9608BA7E2B1E2918004C3F8E /* SearchViewController.swift in Sources */,
				962A09942B21C7A4001BA7FC /* TitleCollectionViewCell.swift in Sources */,
				9608BA692B1E235B004C3F8E /* MainTabBarViewController.swift in Sources */,
				96D0263F2B1F03C900FDDAAA /* CollectionViewTableViewCell.swift in Sources */,
				96F0E8B42B1F7FFF00E1728B /* APICaller.swift in Sources */,
				96D026412B1F0C9600FDDAAA /* HeroHeaderUIView.swift in Sources */,
				9608BA812B1E2963004C3F8E /* DownloadsViewController.swift in Sources */,
				9608BA652B1E235B004C3F8E /* AppDelegate.swift in Sources */,
				96900E072B233E9200284257 /* SearchResultsViewController.swift in Sources */,
				96EBAC552B25CD1200D07383 /* YouTubeSearchResponse.swift in Sources */,
				9608BA672B1E235B004C3F8E /* SceneDelegate.swift in Sources */,
				96EBAC592B25DEF800D07383 /* TitlePreviewViewModel.swift in Sources */,
				9608BA7C2B1E28D9004C3F8E /* UpcomingViewController.swift in Sources */,
				96EBAC572B25D80500D07383 /* TitlePreviewViewController.swift in Sources */,
				96F0E8B62B1F887F00E1728B /* Title.swift in Sources */,
				9608BA7A2B1E289A004C3F8E /* HomeViewController.swift in Sources */,
				96C4C9942B2208B600CDF4C3 /* TitleViewModel.swift in Sources */,
			);
			runOnlyForDeploymentPostprocessing = 0;
		};
/* End PBXSourcesBuildPhase section */

/* Begin PBXVariantGroup section */
		9608BA6F2B1E235D004C3F8E /* LaunchScreen.storyboard */ = {
			isa = PBXVariantGroup;
			children = (
				9608BA702B1E235D004C3F8E /* Base */,
			);
			name = LaunchScreen.storyboard;
			sourceTree = "<group>";
		};
/* End PBXVariantGroup section */

/* Begin XCBuildConfiguration section */
		9608BA732B1E235D004C3F8E /* Debug */ = {
			isa = XCBuildConfiguration;
			buildSettings = {
				ALWAYS_SEARCH_USER_PATHS = NO;
				ASSETCATALOG_COMPILER_GENERATE_SWIFT_ASSET_SYMBOL_EXTENSIONS = YES;
				CLANG_ANALYZER_NONNULL = YES;
				CLANG_ANALYZER_NUMBER_OBJECT_CONVERSION = YES_AGGRESSIVE;
				CLANG_CXX_LANGUAGE_STANDARD = "gnu++20";
				CLANG_ENABLE_MODULES = YES;
				CLANG_ENABLE_OBJC_ARC = YES;
				CLANG_ENABLE_OBJC_WEAK = YES;
				CLANG_WARN_BLOCK_CAPTURE_AUTORELEASING = YES;
				CLANG_WARN_BOOL_CONVERSION = YES;
				CLANG_WARN_COMMA = YES;
				CLANG_WARN_CONSTANT_CONVERSION = YES;
				CLANG_WARN_DEPRECATED_OBJC_IMPLEMENTATIONS = YES;
				CLANG_WARN_DIRECT_OBJC_ISA_USAGE = YES_ERROR;
				CLANG_WARN_DOCUMENTATION_COMMENTS = YES;
				CLANG_WARN_EMPTY_BODY = YES;
				CLANG_WARN_ENUM_CONVERSION = YES;
				CLANG_WARN_INFINITE_RECURSION = YES;
				CLANG_WARN_INT_CONVERSION = YES;
				CLANG_WARN_NON_LITERAL_NULL_CONVERSION = YES;
				CLANG_WARN_OBJC_IMPLICIT_RETAIN_SELF = YES;
				CLANG_WARN_OBJC_LITERAL_CONVERSION = YES;
				CLANG_WARN_OBJC_ROOT_CLASS = YES_ERROR;
				CLANG_WARN_QUOTED_INCLUDE_IN_FRAMEWORK_HEADER = YES;
				CLANG_WARN_RANGE_LOOP_ANALYSIS = YES;
				CLANG_WARN_STRICT_PROTOTYPES = YES;
				CLANG_WARN_SUSPICIOUS_MOVE = YES;
				CLANG_WARN_UNGUARDED_AVAILABILITY = YES_AGGRESSIVE;
				CLANG_WARN_UNREACHABLE_CODE = YES;
				CLANG_WARN__DUPLICATE_METHOD_MATCH = YES;
				COPY_PHASE_STRIP = NO;
				DEBUG_INFORMATION_FORMAT = dwarf;
				ENABLE_STRICT_OBJC_MSGSEND = YES;
				ENABLE_TESTABILITY = YES;
				ENABLE_USER_SCRIPT_SANDBOXING = YES;
				GCC_C_LANGUAGE_STANDARD = gnu17;
				GCC_DYNAMIC_NO_PIC = NO;
				GCC_NO_COMMON_BLOCKS = YES;
				GCC_OPTIMIZATION_LEVEL = 0;
				GCC_PREPROCESSOR_DEFINITIONS = (
					"DEBUG=1",
					"$(inherited)",
				);
				GCC_WARN_64_TO_32_BIT_CONVERSION = YES;
				GCC_WARN_ABOUT_RETURN_TYPE = YES_ERROR;
				GCC_WARN_UNDECLARED_SELECTOR = YES;
				GCC_WARN_UNINITIALIZED_AUTOS = YES_AGGRESSIVE;
				GCC_WARN_UNUSED_FUNCTION = YES;
				GCC_WARN_UNUSED_VARIABLE = YES;
				IPHONEOS_DEPLOYMENT_TARGET = 17.0;
				LOCALIZATION_PREFERS_STRING_CATALOGS = YES;
				MTL_ENABLE_DEBUG_INFO = INCLUDE_SOURCE;
				MTL_FAST_MATH = YES;
				ONLY_ACTIVE_ARCH = YES;
				SDKROOT = iphoneos;
				SWIFT_ACTIVE_COMPILATION_CONDITIONS = "DEBUG $(inherited)";
				SWIFT_OPTIMIZATION_LEVEL = "-Onone";
			};
			name = Debug;
		};
		9608BA742B1E235D004C3F8E /* Release */ = {
			isa = XCBuildConfiguration;
			buildSettings = {
				ALWAYS_SEARCH_USER_PATHS = NO;
				ASSETCATALOG_COMPILER_GENERATE_SWIFT_ASSET_SYMBOL_EXTENSIONS = YES;
				CLANG_ANALYZER_NONNULL = YES;
				CLANG_ANALYZER_NUMBER_OBJECT_CONVERSION = YES_AGGRESSIVE;
				CLANG_CXX_LANGUAGE_STANDARD = "gnu++20";
				CLANG_ENABLE_MODULES = YES;
				CLANG_ENABLE_OBJC_ARC = YES;
				CLANG_ENABLE_OBJC_WEAK = YES;
				CLANG_WARN_BLOCK_CAPTURE_AUTORELEASING = YES;
				CLANG_WARN_BOOL_CONVERSION = YES;
				CLANG_WARN_COMMA = YES;
				CLANG_WARN_CONSTANT_CONVERSION = YES;
				CLANG_WARN_DEPRECATED_OBJC_IMPLEMENTATIONS = YES;
				CLANG_WARN_DIRECT_OBJC_ISA_USAGE = YES_ERROR;
				CLANG_WARN_DOCUMENTATION_COMMENTS = YES;
				CLANG_WARN_EMPTY_BODY = YES;
				CLANG_WARN_ENUM_CONVERSION = YES;
				CLANG_WARN_INFINITE_RECURSION = YES;
				CLANG_WARN_INT_CONVERSION = YES;
				CLANG_WARN_NON_LITERAL_NULL_CONVERSION = YES;
				CLANG_WARN_OBJC_IMPLICIT_RETAIN_SELF = YES;
				CLANG_WARN_OBJC_LITERAL_CONVERSION = YES;
				CLANG_WARN_OBJC_ROOT_CLASS = YES_ERROR;
				CLANG_WARN_QUOTED_INCLUDE_IN_FRAMEWORK_HEADER = YES;
				CLANG_WARN_RANGE_LOOP_ANALYSIS = YES;
				CLANG_WARN_STRICT_PROTOTYPES = YES;
				CLANG_WARN_SUSPICIOUS_MOVE = YES;
				CLANG_WARN_UNGUARDED_AVAILABILITY = YES_AGGRESSIVE;
				CLANG_WARN_UNREACHABLE_CODE = YES;
				CLANG_WARN__DUPLICATE_METHOD_MATCH = YES;
				COPY_PHASE_STRIP = NO;
				DEBUG_INFORMATION_FORMAT = "dwarf-with-dsym";
				ENABLE_NS_ASSERTIONS = NO;
				ENABLE_STRICT_OBJC_MSGSEND = YES;
				ENABLE_USER_SCRIPT_SANDBOXING = YES;
				GCC_C_LANGUAGE_STANDARD = gnu17;
				GCC_NO_COMMON_BLOCKS = YES;
				GCC_WARN_64_TO_32_BIT_CONVERSION = YES;
				GCC_WARN_ABOUT_RETURN_TYPE = YES_ERROR;
				GCC_WARN_UNDECLARED_SELECTOR = YES;
				GCC_WARN_UNINITIALIZED_AUTOS = YES_AGGRESSIVE;
				GCC_WARN_UNUSED_FUNCTION = YES;
				GCC_WARN_UNUSED_VARIABLE = YES;
				IPHONEOS_DEPLOYMENT_TARGET = 17.0;
				LOCALIZATION_PREFERS_STRING_CATALOGS = YES;
				MTL_ENABLE_DEBUG_INFO = NO;
				MTL_FAST_MATH = YES;
				SDKROOT = iphoneos;
				SWIFT_COMPILATION_MODE = wholemodule;
				VALIDATE_PRODUCT = YES;
			};
			name = Release;
		};
		9608BA762B1E235D004C3F8E /* Debug */ = {
			isa = XCBuildConfiguration;
			buildSettings = {
				ASSETCATALOG_COMPILER_APPICON_NAME = AppIcon;
				ASSETCATALOG_COMPILER_GLOBAL_ACCENT_COLOR_NAME = AccentColor;
				CODE_SIGN_STYLE = Automatic;
				CURRENT_PROJECT_VERSION = 1;
				DEVELOPMENT_TEAM = 28MJ2TX529;
				GENERATE_INFOPLIST_FILE = YES;
				INFOPLIST_FILE = "Netflix Clone/Info.plist";
				INFOPLIST_KEY_UIApplicationSupportsIndirectInputEvents = YES;
				INFOPLIST_KEY_UILaunchStoryboardName = LaunchScreen;
				INFOPLIST_KEY_UISupportedInterfaceOrientations_iPad = "UIInterfaceOrientationPortrait UIInterfaceOrientationPortraitUpsideDown UIInterfaceOrientationLandscapeLeft UIInterfaceOrientationLandscapeRight";
				INFOPLIST_KEY_UISupportedInterfaceOrientations_iPhone = "UIInterfaceOrientationPortrait UIInterfaceOrientationLandscapeLeft UIInterfaceOrientationLandscapeRight";
				LD_RUNPATH_SEARCH_PATHS = (
					"$(inherited)",
					"@executable_path/Frameworks",
				);
				MARKETING_VERSION = 1.0;
				PRODUCT_BUNDLE_IDENTIFIER = "com.mertozseven.Netflix-Clone";
				PRODUCT_NAME = "$(TARGET_NAME)";
				SWIFT_EMIT_LOC_STRINGS = YES;
				SWIFT_VERSION = 5.0;
				TARGETED_DEVICE_FAMILY = "1,2";
			};
			name = Debug;
		};
		9608BA772B1E235D004C3F8E /* Release */ = {
			isa = XCBuildConfiguration;
			buildSettings = {
				ASSETCATALOG_COMPILER_APPICON_NAME = AppIcon;
				ASSETCATALOG_COMPILER_GLOBAL_ACCENT_COLOR_NAME = AccentColor;
				CODE_SIGN_STYLE = Automatic;
				CURRENT_PROJECT_VERSION = 1;
				DEVELOPMENT_TEAM = 28MJ2TX529;
				GENERATE_INFOPLIST_FILE = YES;
				INFOPLIST_FILE = "Netflix Clone/Info.plist";
				INFOPLIST_KEY_UIApplicationSupportsIndirectInputEvents = YES;
				INFOPLIST_KEY_UILaunchStoryboardName = LaunchScreen;
				INFOPLIST_KEY_UISupportedInterfaceOrientations_iPad = "UIInterfaceOrientationPortrait UIInterfaceOrientationPortraitUpsideDown UIInterfaceOrientationLandscapeLeft UIInterfaceOrientationLandscapeRight";
				INFOPLIST_KEY_UISupportedInterfaceOrientations_iPhone = "UIInterfaceOrientationPortrait UIInterfaceOrientationLandscapeLeft UIInterfaceOrientationLandscapeRight";
				LD_RUNPATH_SEARCH_PATHS = (
					"$(inherited)",
					"@executable_path/Frameworks",
				);
				MARKETING_VERSION = 1.0;
				PRODUCT_BUNDLE_IDENTIFIER = "com.mertozseven.Netflix-Clone";
				PRODUCT_NAME = "$(TARGET_NAME)";
				SWIFT_EMIT_LOC_STRINGS = YES;
				SWIFT_VERSION = 5.0;
				TARGETED_DEVICE_FAMILY = "1,2";
			};
			name = Release;
		};
/* End XCBuildConfiguration section */

/* Begin XCConfigurationList section */
		9608BA5C2B1E235B004C3F8E /* Build configuration list for PBXProject "Netflix Clone" */ = {
			isa = XCConfigurationList;
			buildConfigurations = (
				9608BA732B1E235D004C3F8E /* Debug */,
				9608BA742B1E235D004C3F8E /* Release */,
			);
			defaultConfigurationIsVisible = 0;
			defaultConfigurationName = Release;
		};
		9608BA752B1E235D004C3F8E /* Build configuration list for PBXNativeTarget "Netflix Clone" */ = {
			isa = XCConfigurationList;
			buildConfigurations = (
				9608BA762B1E235D004C3F8E /* Debug */,
				9608BA772B1E235D004C3F8E /* Release */,
			);
			defaultConfigurationIsVisible = 0;
			defaultConfigurationName = Release;
		};
/* End XCConfigurationList section */

/* Begin XCRemoteSwiftPackageReference section */
		962A09952B21C975001BA7FC /* XCRemoteSwiftPackageReference "SDWebImage" */ = {
			isa = XCRemoteSwiftPackageReference;
			repositoryURL = "https://github.com/SDWebImage/SDWebImage.git";
			requirement = {
				kind = upToNextMajorVersion;
				minimumVersion = 5.18.6;
			};
		};
/* End XCRemoteSwiftPackageReference section */

/* Begin XCSwiftPackageProductDependency section */
		962A09962B21C975001BA7FC /* SDWebImage */ = {
			isa = XCSwiftPackageProductDependency;
			package = 962A09952B21C975001BA7FC /* XCRemoteSwiftPackageReference "SDWebImage" */;
			productName = SDWebImage;
		};
		962A09982B21C975001BA7FC /* SDWebImageMapKit */ = {
			isa = XCSwiftPackageProductDependency;
			package = 962A09952B21C975001BA7FC /* XCRemoteSwiftPackageReference "SDWebImage" */;
			productName = SDWebImageMapKit;
		};
/* End XCSwiftPackageProductDependency section */
	};
	rootObject = 9608BA592B1E235B004C3F8E /* Project object */;
}
